
Microsoft Visual Studio Solution File, Format Version 12.00
# Visual Studio Version 16
VisualStudioVersion = 16.0.32228.343
MinimumVisualStudioVersion = 10.0.40219.1
Project("{FAE04EC0-301F-11D3-BF4B-00C04F79EFBC}") = "FlyweightDesignPattern", "FlyweightDesignPattern\FlyweightDesignPattern.csproj", "{8469C425-9917-4E93-BD51-BFD90005B3E6}"
EndProject
Global
	GlobalSection(SolutionConfigurationPlatforms) = preSolution
		Debug|Any CPU = Debug|Any CPU
		Release|Any CPU = Release|Any CPU
	EndGlobalSection
	GlobalSection(ProjectConfigurationPlatforms) = postSolution
		{8469C425-9917-4E93-BD51-BFD90005B3E6}.Debug|Any CPU.ActiveCfg = Debug|Any CPU
		{8469C425-9917-4E93-BD51-BFD90005B3E6}.Debug|Any CPU.Build.0 = Debug|Any CPU
		{8469C425-9917-4E93-BD51-BFD90005B3E6}.Release|Any CPU.ActiveCfg = Release|Any CPU
		{8469C425-9917-4E93-BD51-BFD90005B3E6}.Release|Any CPU.Build.0 = Release|Any CPU
	EndGlobalSection
	GlobalSection(SolutionProperties) = preSolution
		HideSolutionNode = FALSE
	EndGlobalSection
	GlobalSection(ExtensibilityGlobals) = postSolution
		SolutionGuid = {C2A05EBA-A82A-4D42-94E4-C5843A885881}
	EndGlobalSection
EndGlobal
